{
  "pins" : [
    {
      "identity" : "swift-syntax",
      "kind" : "remoteSourceControl",
      "location" : "https://github.com/apple/swift-syntax.git",
      "state" : {
        "revision" : "08a2f0a9a30e0f705f79c9cfaca1f68b71bdc775",
        "version" : "510.0.0"
      }
    }
  ],
  "version" : 2
}
