// !$*UTF8*$!
{
	archiveVersion = 1;
	classes = {
	};
	objectVersion = 46;
	objects = {

/* Begin PBXBuildFile section */
		BF_0C5543D04B4212AA57DCF0E1E594CAF6 /* Diffable.swift in Sources */ = {isa = PBXBuildFile; fileRef = FR_CFB0F28F5A19E32576377C817456E15A /* Diffable.swift */; };
		BF_1092D6738E4E10DA749423711942C04C /* Async.swift in Sources */ = {isa = PBXBuildFile; fileRef = FR_8EB55DE46F77C40F38DC441C396C2AA2 /* Async.swift */; };
		BF_126B68C59C12F7E7D78393BF1E0341B7 /* SnapshotTesting.framework in Frameworks */ = {isa = PBXBuildFile; fileRef = FR_55C12DE66D3E4C2C5F02C60546270EBB /* SnapshotTesting.framework */; };
		BF_164C58C92E656FCD7C25A1CB034600A2 /* CALayer.swift in Sources */ = {isa = PBXBuildFile; fileRef = FR_02D2BA628CE5C87E6299836CA06DA5AE /* CALayer.swift */; };
		BF_1BF868397B24F68E388CCD9DF81E6765 /* SnapshotTestCase.swift in Sources */ = {isa = PBXBuildFile; fileRef = FR_C8995DA5A1D0CF67499F936B6684ABA6 /* SnapshotTestCase.swift */; };
		BF_1CA9FBF0BD084E3C63F61E9D8A80DDB7 /* CALayer.swift in Sources */ = {isa = PBXBuildFile; fileRef = FR_02D2BA628CE5C87E6299836CA06DA5AE /* CALayer.swift */; };
		BF_1F9B48C978B79ADDC70074F90A45D20C /* SceneKit.swift in Sources */ = {isa = PBXBuildFile; fileRef = FR_E0227C47E0FB67F70EF0493E8A4CDB60 /* SceneKit.swift */; };
		BF_290BB77E2401937E6400555C3B0F9A7A /* Diffable.swift in Sources */ = {isa = PBXBuildFile; fileRef = FR_CFB0F28F5A19E32576377C817456E15A /* Diffable.swift */; };
		BF_2A6009E29732718FAE9B1F03806A09AB /* Diff.swift in Sources */ = {isa = PBXBuildFile; fileRef = FR_FE1535B3F5372A6ADD6A0D18184766D4 /* Diff.swift */; };
		BF_2B65A04C3797B3384DE1EF00E75CB156 /* Codable.swift in Sources */ = {isa = PBXBuildFile; fileRef = FR_8F443AA3F4613D29624A1150E5B9DAD3 /* Codable.swift */; };
		BF_2D2A2BF95DCB4EA423BA781B1EFD0468 /* Data.swift in Sources */ = {isa = PBXBuildFile; fileRef = FR_57CD93B71031FCD6FBC58D8D945A1706 /* Data.swift */; };
		BF_40D093DDC81931CB9C7AF616AA544ACD /* Strategy.swift in Sources */ = {isa = PBXBuildFile; fileRef = FR_F4BEBF5A6DA36EF79ADD87917E32ED3F /* Strategy.swift */; };
		BF_41FAA06E937486BD5CE3F3D4E812B1BA /* PropertyListEncoder.swift in Sources */ = {isa = PBXBuildFile; fileRef = FR_26BC946CB572B86A384E7AE28765BD49 /* PropertyListEncoder.swift */; };
		BF_4ED719B4EDFE89C534E149526F1CF32D /* Attachment.swift in Sources */ = {isa = PBXBuildFile; fileRef = FR_DA79344382FCF4D2344547FD4A26D563 /* Attachment.swift */; };
		BF_51479BC7C87FC0B4B8FBFD68EEBD3726 /* Async.swift in Sources */ = {isa = PBXBuildFile; fileRef = FR_8EB55DE46F77C40F38DC441C396C2AA2 /* Async.swift */; };
		BF_51CBA76089B764B80A36E06290128424 /* SpriteKit.swift in Sources */ = {isa = PBXBuildFile; fileRef = FR_C3CB0C1274CC8D510653228157C66A77 /* SpriteKit.swift */; };
		BF_52C03ADE3CE2F4B24C881FA97769A932 /* Internal.swift in Sources */ = {isa = PBXBuildFile; fileRef = FR_DA918B3B1103A0D0109E994D775523A0 /* Internal.swift */; };
		BF_53DB80D3F2E4A1CCBCD825099B3CAC00 /* SnapshotTesting.framework in Embed Frameworks */ = {isa = PBXBuildFile; fileRef = FR_55C12DE66D3E4C2C5F02C60546270EBB /* SnapshotTesting.framework */; settings = {ATTRIBUTES = (CodeSignOnCopy, RemoveHeadersOnCopy, ); }; };
		BF_563500F7C0C0341867406C92198864C4 /* PropertyListEncoder.swift in Sources */ = {isa = PBXBuildFile; fileRef = FR_26BC946CB572B86A384E7AE28765BD49 /* PropertyListEncoder.swift */; };
		BF_59377B307FB813153ABE7260E51EF2DC /* Strategy.swift in Sources */ = {isa = PBXBuildFile; fileRef = FR_F4BEBF5A6DA36EF79ADD87917E32ED3F /* Strategy.swift */; };
		BF_60E780A5566C14D1B9C49FE1213C005F /* AssertSnapshot.swift in Sources */ = {isa = PBXBuildFile; fileRef = FR_DC773049D04465475F91599CF4255908 /* AssertSnapshot.swift */; };
		BF_648357B9D8AC52A0B669F20912A54C9F /* TestHelpers.swift in Sources */ = {isa = PBXBuildFile; fileRef = FR_F2CC1556DBF7DA98E98C593438525BA4 /* TestHelpers.swift */; };
		BF_6730D650367B8168D8FAF10C99C95360 /* Data.swift in Sources */ = {isa = PBXBuildFile; fileRef = FR_57CD93B71031FCD6FBC58D8D945A1706 /* Data.swift */; };
		BF_710776DC175BE3B689292A550887305B /* SpriteKit.swift in Sources */ = {isa = PBXBuildFile; fileRef = FR_C3CB0C1274CC8D510653228157C66A77 /* SpriteKit.swift */; };
		BF_74313FA8B719956E8ACCE111B99B0960 /* NSImage.swift in Sources */ = {isa = PBXBuildFile; fileRef = FR_E1FA8A193FE7DFA170568A78289DE2EC /* NSImage.swift */; };
		BF_789B4F0099192F5B0F33B18AAA94E2DF /* NSImage.swift in Sources */ = {isa = PBXBuildFile; fileRef = FR_E1FA8A193FE7DFA170568A78289DE2EC /* NSImage.swift */; };
		BF_7CC34D12C057EBEE510F15C938C01644 /* SnapshotTestCaseTests.swift in Sources */ = {isa = PBXBuildFile; fileRef = FR_DC3B35D901526722EA9C57CE04B058FA /* SnapshotTestCaseTests.swift */; };
		BF_7E7082D5B949259D7A1CFBAC2154780D /* Strategy.swift in Sources */ = {isa = PBXBuildFile; fileRef = FR_F4BEBF5A6DA36EF79ADD87917E32ED3F /* Strategy.swift */; };
		BF_7E8D15FC52F92B4ED7A461509A28656D /* UIViewController.swift in Sources */ = {isa = PBXBuildFile; fileRef = FR_011F41E7CBD5C3AAB887E8F70A792A28 /* UIViewController.swift */; };
		BF_7F3F7303ACF94F86C88C54673EC31E8B /* NSViewController.swift in Sources */ = {isa = PBXBuildFile; fileRef = FR_5BC9AA7F156EEE27E2A2442640AE1D4A /* NSViewController.swift */; };
		BF_83708276954D3F092729DEE9CEC26B33 /* View.swift in Sources */ = {isa = PBXBuildFile; fileRef = FR_0E7771DB39A0AA5788034ACA524B7EE3 /* View.swift */; };
		BF_8926855A85FB3CA85B95CC37D335AEFB /* NSViewController.swift in Sources */ = {isa = PBXBuildFile; fileRef = FR_5BC9AA7F156EEE27E2A2442640AE1D4A /* NSViewController.swift */; };
		BF_92DFFE207E23D176E2A83025F6F2C2CE /* SpriteKit.swift in Sources */ = {isa = PBXBuildFile; fileRef = FR_C3CB0C1274CC8D510653228157C66A77 /* SpriteKit.swift */; };
		BF_93A3D38E590AB05BAFFEEBC75C601A4D /* UIViewController.swift in Sources */ = {isa = PBXBuildFile; fileRef = FR_011F41E7CBD5C3AAB887E8F70A792A28 /* UIViewController.swift */; };
		BF_94A6AD59B8E19AF997B915EC79497934 /* Internal.swift in Sources */ = {isa = PBXBuildFile; fileRef = FR_DA918B3B1103A0D0109E994D775523A0 /* Internal.swift */; };
		BF_97AA84D478C020B4F7906D46DA4D0C15 /* Async.swift in Sources */ = {isa = PBXBuildFile; fileRef = FR_8EB55DE46F77C40F38DC441C396C2AA2 /* Async.swift */; };
		BF_9A01810940759397231DF86801A1FC13 /* Diff.swift in Sources */ = {isa = PBXBuildFile; fileRef = FR_FE1535B3F5372A6ADD6A0D18184766D4 /* Diff.swift */; };
		BF_9A2990DD11DFB5675D43F262CBCDA265 /* SnapshotTesting.framework in Frameworks */ = {isa = PBXBuildFile; fileRef = FR_92D59F3FEA61DC16FFDB7B1F5FCA57D2 /* SnapshotTesting.framework */; };
		BF_9D159993AADCDF4C281D575DD7FFCD6A /* TestHelpers.swift in Sources */ = {isa = PBXBuildFile; fileRef = FR_F2CC1556DBF7DA98E98C593438525BA4 /* TestHelpers.swift */; };
		BF_A0F4C67288741E22E3F0C1B450A2A4FD /* String.swift in Sources */ = {isa = PBXBuildFile; fileRef = FR_AF8C7D84EDECC0C7A6CD2D9054107398 /* String.swift */; };
		BF_A9C5B5783E101E35CF7D52DEE6EABE2A /* SnapshotTestCase.swift in Sources */ = {isa = PBXBuildFile; fileRef = FR_C8995DA5A1D0CF67499F936B6684ABA6 /* SnapshotTestCase.swift */; };
		BF_ACD752E9B5D43698661C2566F6E1A967 /* Diff.swift in Sources */ = {isa = PBXBuildFile; fileRef = FR_FE1535B3F5372A6ADD6A0D18184766D4 /* Diff.swift */; };
		BF_B0F6BF49CFBAF5371BFD659F8A815654 /* Data.swift in Sources */ = {isa = PBXBuildFile; fileRef = FR_57CD93B71031FCD6FBC58D8D945A1706 /* Data.swift */; };
		BF_B39F8354D2B15959F80C015C02B62643 /* String.swift in Sources */ = {isa = PBXBuildFile; fileRef = FR_AF8C7D84EDECC0C7A6CD2D9054107398 /* String.swift */; };
		BF_B8082ECBCA07EA977AE482DDFCA9C33D /* Attachment.swift in Sources */ = {isa = PBXBuildFile; fileRef = FR_DA79344382FCF4D2344547FD4A26D563 /* Attachment.swift */; };
		BF_B9820C8451945985651EFB670E948805 /* CALayer.swift in Sources */ = {isa = PBXBuildFile; fileRef = FR_02D2BA628CE5C87E6299836CA06DA5AE /* CALayer.swift */; };
		BF_C0A0EBBFEC968B768537F848916C49FF /* Codable.swift in Sources */ = {isa = PBXBuildFile; fileRef = FR_8F443AA3F4613D29624A1150E5B9DAD3 /* Codable.swift */; };
		BF_C0DE7B46A4BF5F017625A1F337F7410E /* SnapshotTestCaseTests.swift in Sources */ = {isa = PBXBuildFile; fileRef = FR_DC3B35D901526722EA9C57CE04B058FA /* SnapshotTestCaseTests.swift */; };
		BF_C3D63AFD027E9A50F37244CBABCE9A43 /* UIImage.swift in Sources */ = {isa = PBXBuildFile; fileRef = FR_D3724FEFC0FF50CACCC23652F2C7578C /* UIImage.swift */; };
		BF_C4BF7CA4316C2FED85F74B888BADE302 /* Attachment.swift in Sources */ = {isa = PBXBuildFile; fileRef = FR_DA79344382FCF4D2344547FD4A26D563 /* Attachment.swift */; };
		BF_C7D2E87F47E2F7457AD3FC9DAF5F77A5 /* UIImage.swift in Sources */ = {isa = PBXBuildFile; fileRef = FR_D3724FEFC0FF50CACCC23652F2C7578C /* UIImage.swift */; };
		BF_CC119FC0B912C972DF70BD2720AA3D0F /* Codable.swift in Sources */ = {isa = PBXBuildFile; fileRef = FR_8F443AA3F4613D29624A1150E5B9DAD3 /* Codable.swift */; };
		BF_CCCDB80BDBD37BE3C37DADBEE79C93C2 /* View.swift in Sources */ = {isa = PBXBuildFile; fileRef = FR_0E7771DB39A0AA5788034ACA524B7EE3 /* View.swift */; };
		BF_CEA78BD0477B1745D042FAE6049A5B73 /* AssertSnapshot.swift in Sources */ = {isa = PBXBuildFile; fileRef = FR_DC773049D04465475F91599CF4255908 /* AssertSnapshot.swift */; };
		BF_D26E99EBDBAD9E49A7C110D888DA2640 /* TestHelpers.swift in Sources */ = {isa = PBXBuildFile; fileRef = FR_F2CC1556DBF7DA98E98C593438525BA4 /* TestHelpers.swift */; };
		BF_D2846774B6AFB8FFC427EFF98FEF2F4E /* Any.swift in Sources */ = {isa = PBXBuildFile; fileRef = FR_0B0CF16A9771EB5B0F72DBCE2128CD6D /* Any.swift */; };
		BF_D2A5B4A58EC4C3A365649B29EDFF85EA /* Any.swift in Sources */ = {isa = PBXBuildFile; fileRef = FR_0B0CF16A9771EB5B0F72DBCE2128CD6D /* Any.swift */; };
		BF_D47F0D75CBD0E92EF35FB311E64B3987 /* SnapshotTestCase.swift in Sources */ = {isa = PBXBuildFile; fileRef = FR_C8995DA5A1D0CF67499F936B6684ABA6 /* SnapshotTestCase.swift */; };
		BF_D47F465982998AC68EA9D14E475D5FD5 /* UIImage.swift in Sources */ = {isa = PBXBuildFile; fileRef = FR_D3724FEFC0FF50CACCC23652F2C7578C /* UIImage.swift */; };
		BF_D61CA12AF5EEB8437A53C9411C1640B1 /* Internal.swift in Sources */ = {isa = PBXBuildFile; fileRef = FR_DA918B3B1103A0D0109E994D775523A0 /* Internal.swift */; };
		BF_D712B33D096E86F34953E92E0A1051C2 /* PropertyListEncoder.swift in Sources */ = {isa = PBXBuildFile; fileRef = FR_26BC946CB572B86A384E7AE28765BD49 /* PropertyListEncoder.swift */; };
		BF_D7A00145585CD613CBB42CC425762D03 /* SnapshotTesting.framework in Frameworks */ = {isa = PBXBuildFile; fileRef = FR_1C0F0F9D1E3946C22AB189D75CBFA00A /* SnapshotTesting.framework */; };
		BF_D862704C2CB88B4373E8A6D043400D49 /* Diffable.swift in Sources */ = {isa = PBXBuildFile; fileRef = FR_CFB0F28F5A19E32576377C817456E15A /* Diffable.swift */; };
		BF_E191776B50B9EDF01CFD68F196203961 /* Any.swift in Sources */ = {isa = PBXBuildFile; fileRef = FR_0B0CF16A9771EB5B0F72DBCE2128CD6D /* Any.swift */; };
		BF_E4CBA0F3DF322EEA1F69E255A2C76D7F /* View.swift in Sources */ = {isa = PBXBuildFile; fileRef = FR_0E7771DB39A0AA5788034ACA524B7EE3 /* View.swift */; };
		BF_E55DFEDCE649B588C7BAB7225324890D /* UIViewController.swift in Sources */ = {isa = PBXBuildFile; fileRef = FR_011F41E7CBD5C3AAB887E8F70A792A28 /* UIViewController.swift */; };
		BF_E9D5B4126225F0CDC4A083DB8D3EB9C7 /* SnapshotTesting.framework in Embed Frameworks */ = {isa = PBXBuildFile; fileRef = FR_1C0F0F9D1E3946C22AB189D75CBFA00A /* SnapshotTesting.framework */; settings = {ATTRIBUTES = (CodeSignOnCopy, RemoveHeadersOnCopy, ); }; };
		BF_EA93AC0D72E1311A8135CFC7CBF332C1 /* NSViewController.swift in Sources */ = {isa = PBXBuildFile; fileRef = FR_5BC9AA7F156EEE27E2A2442640AE1D4A /* NSViewController.swift */; };
		BF_EDB8AB781A3D51A987BE3755EE57EBE9 /* SnapshotTesting.framework in Embed Frameworks */ = {isa = PBXBuildFile; fileRef = FR_92D59F3FEA61DC16FFDB7B1F5FCA57D2 /* SnapshotTesting.framework */; settings = {ATTRIBUTES = (CodeSignOnCopy, RemoveHeadersOnCopy, ); }; };
		BF_F054D35C1F281F57EA2B9622EFEEF7FB /* SceneKit.swift in Sources */ = {isa = PBXBuildFile; fileRef = FR_E0227C47E0FB67F70EF0493E8A4CDB60 /* SceneKit.swift */; };
		BF_F515927ECBA692381ECE1DBB73161FCF /* SceneKit.swift in Sources */ = {isa = PBXBuildFile; fileRef = FR_E0227C47E0FB67F70EF0493E8A4CDB60 /* SceneKit.swift */; };
		BF_F7AA48A29F4220B2A19CDC41C83E1D06 /* String.swift in Sources */ = {isa = PBXBuildFile; fileRef = FR_AF8C7D84EDECC0C7A6CD2D9054107398 /* String.swift */; };
		BF_F896D52B8FF76B9328361A8857B4BF87 /* AssertSnapshot.swift in Sources */ = {isa = PBXBuildFile; fileRef = FR_DC773049D04465475F91599CF4255908 /* AssertSnapshot.swift */; };
		BF_FCC64D190E241971E8DC9818EBC50E75 /* NSImage.swift in Sources */ = {isa = PBXBuildFile; fileRef = FR_E1FA8A193FE7DFA170568A78289DE2EC /* NSImage.swift */; };
		BF_FD3649DD2EEFCFCA73059F91255F2E95 /* SnapshotTestCaseTests.swift in Sources */ = {isa = PBXBuildFile; fileRef = FR_DC3B35D901526722EA9C57CE04B058FA /* SnapshotTestCaseTests.swift */; };
/* End PBXBuildFile section */

/* Begin PBXContainerItemProxy section */
		CIP_53654BECB816A866C116E1DC1CDBA587 /* PBXContainerItemProxy */ = {
			isa = PBXContainerItemProxy;
			containerPortal = P_BD50B510D7318790CE5F349329E8ADEA /* Project object */;
			proxyType = 1;
			remoteGlobalIDString = NT_E1FAA066576312BD4B5DB23882D1278B;
			remoteInfo = SnapshotTesting_iOS;
		};
		CIP_7C8251DE7A712A2DE6D1B3A121213CA0 /* PBXContainerItemProxy */ = {
			isa = PBXContainerItemProxy;
			containerPortal = P_BD50B510D7318790CE5F349329E8ADEA /* Project object */;
			proxyType = 1;
			remoteGlobalIDString = NT_EFB00F39C5351E0984C1B0E093A05904;
			remoteInfo = SnapshotTesting_macOS;
		};
		CIP_CD9253F8F5036C73CE8FC16D153C7DFF /* PBXContainerItemProxy */ = {
			isa = PBXContainerItemProxy;
			containerPortal = P_BD50B510D7318790CE5F349329E8ADEA /* Project object */;
			proxyType = 1;
			remoteGlobalIDString = NT_693A6A5632B0A32E6E52A4DDD822E69E;
			remoteInfo = SnapshotTesting_tvOS;
		};
/* End PBXContainerItemProxy section */

/* Begin PBXCopyFilesBuildPhase section */
		CFBP_2BFDE42C24301A10833C60D641A06290 /* Embed Frameworks */ = {
			isa = PBXCopyFilesBuildPhase;
			buildActionMask = 2147483647;
			dstPath = "";
			dstSubfolderSpec = 10;
			files = (
				BF_53DB80D3F2E4A1CCBCD825099B3CAC00 /* SnapshotTesting.framework in Embed Frameworks */,
			);
			name = "Embed Frameworks";
			runOnlyForDeploymentPostprocessing = 0;
		};
		CFBP_3F78DBB95718B0C00F236464A7D885B9 /* Embed Frameworks */ = {
			isa = PBXCopyFilesBuildPhase;
			buildActionMask = 2147483647;
			dstPath = "";
			dstSubfolderSpec = 10;
			files = (
				BF_EDB8AB781A3D51A987BE3755EE57EBE9 /* SnapshotTesting.framework in Embed Frameworks */,
			);
			name = "Embed Frameworks";
			runOnlyForDeploymentPostprocessing = 0;
		};
		CFBP_EF5DD188EEF7EE5BCB66EA772F7E1D89 /* Embed Frameworks */ = {
			isa = PBXCopyFilesBuildPhase;
			buildActionMask = 2147483647;
			dstPath = "";
			dstSubfolderSpec = 10;
			files = (
				BF_E9D5B4126225F0CDC4A083DB8D3EB9C7 /* SnapshotTesting.framework in Embed Frameworks */,
			);
			name = "Embed Frameworks";
			runOnlyForDeploymentPostprocessing = 0;
		};
/* End PBXCopyFilesBuildPhase section */

/* Begin PBXFileReference section */
		FR_011F41E7CBD5C3AAB887E8F70A792A28 /* UIViewController.swift */ = {isa = PBXFileReference; lastKnownFileType = sourcecode.swift; path = UIViewController.swift; sourceTree = "<group>"; };
		FR_02D2BA628CE5C87E6299836CA06DA5AE /* CALayer.swift */ = {isa = PBXFileReference; lastKnownFileType = sourcecode.swift; path = CALayer.swift; sourceTree = "<group>"; };
		FR_0B0CF16A9771EB5B0F72DBCE2128CD6D /* Any.swift */ = {isa = PBXFileReference; lastKnownFileType = sourcecode.swift; path = Any.swift; sourceTree = "<group>"; };
		FR_0E7771DB39A0AA5788034ACA524B7EE3 /* View.swift */ = {isa = PBXFileReference; lastKnownFileType = sourcecode.swift; path = View.swift; sourceTree = "<group>"; };
		FR_1C0F0F9D1E3946C22AB189D75CBFA00A /* SnapshotTesting.framework */ = {isa = PBXFileReference; explicitFileType = wrapper.framework; includeInIndex = 0; path = SnapshotTesting.framework; sourceTree = BUILT_PRODUCTS_DIR; };
		FR_249284F48787C8FEC6C4C3B317A68737 /* SnapshotTestingTests.xctest */ = {isa = PBXFileReference; includeInIndex = 0; lastKnownFileType = wrapper.cfbundle; path = SnapshotTestingTests.xctest; sourceTree = BUILT_PRODUCTS_DIR; };
		FR_26BC946CB572B86A384E7AE28765BD49 /* PropertyListEncoder.swift */ = {isa = PBXFileReference; lastKnownFileType = sourcecode.swift; path = PropertyListEncoder.swift; sourceTree = "<group>"; };
		FR_3F75F013FD55B116C9AECB84C5DA414D /* SnapshotTestingTests.xctest */ = {isa = PBXFileReference; explicitFileType = wrapper.cfbundle; includeInIndex = 0; path = SnapshotTestingTests.xctest; sourceTree = BUILT_PRODUCTS_DIR; };
		FR_55C12DE66D3E4C2C5F02C60546270EBB /* SnapshotTesting.framework */ = {isa = PBXFileReference; explicitFileType = wrapper.framework; includeInIndex = 0; path = SnapshotTesting.framework; sourceTree = BUILT_PRODUCTS_DIR; };
		FR_57CD93B71031FCD6FBC58D8D945A1706 /* Data.swift */ = {isa = PBXFileReference; lastKnownFileType = sourcecode.swift; path = Data.swift; sourceTree = "<group>"; };
		FR_5BC9AA7F156EEE27E2A2442640AE1D4A /* NSViewController.swift */ = {isa = PBXFileReference; lastKnownFileType = sourcecode.swift; path = NSViewController.swift; sourceTree = "<group>"; };
		FR_8EB55DE46F77C40F38DC441C396C2AA2 /* Async.swift */ = {isa = PBXFileReference; lastKnownFileType = sourcecode.swift; path = Async.swift; sourceTree = "<group>"; };
		FR_8F443AA3F4613D29624A1150E5B9DAD3 /* Codable.swift */ = {isa = PBXFileReference; lastKnownFileType = sourcecode.swift; path = Codable.swift; sourceTree = "<group>"; };
		FR_92D59F3FEA61DC16FFDB7B1F5FCA57D2 /* SnapshotTesting.framework */ = {isa = PBXFileReference; explicitFileType = wrapper.framework; includeInIndex = 0; path = SnapshotTesting.framework; sourceTree = BUILT_PRODUCTS_DIR; };
		FR_A20A3E696FD8F5FE1E8B1E8945A0BE1D /* SnapshotTestingTests.xctest */ = {isa = PBXFileReference; includeInIndex = 0; lastKnownFileType = wrapper.cfbundle; path = SnapshotTestingTests.xctest; sourceTree = BUILT_PRODUCTS_DIR; };
		FR_AF8C7D84EDECC0C7A6CD2D9054107398 /* String.swift */ = {isa = PBXFileReference; lastKnownFileType = sourcecode.swift; path = String.swift; sourceTree = "<group>"; };
		FR_C3CB0C1274CC8D510653228157C66A77 /* SpriteKit.swift */ = {isa = PBXFileReference; lastKnownFileType = sourcecode.swift; path = SpriteKit.swift; sourceTree = "<group>"; };
		FR_C8995DA5A1D0CF67499F936B6684ABA6 /* SnapshotTestCase.swift */ = {isa = PBXFileReference; lastKnownFileType = sourcecode.swift; path = SnapshotTestCase.swift; sourceTree = "<group>"; };
		FR_CFB0F28F5A19E32576377C817456E15A /* Diffable.swift */ = {isa = PBXFileReference; lastKnownFileType = sourcecode.swift; path = Diffable.swift; sourceTree = "<group>"; };
		FR_D3724FEFC0FF50CACCC23652F2C7578C /* UIImage.swift */ = {isa = PBXFileReference; lastKnownFileType = sourcecode.swift; path = UIImage.swift; sourceTree = "<group>"; };
		FR_D5D376EA4272E52E149D537CC1C63DBB /* Info.plist */ = {isa = PBXFileReference; lastKnownFileType = text.plist.xml; path = Info.plist; sourceTree = "<group>"; };
		FR_DA79344382FCF4D2344547FD4A26D563 /* Attachment.swift */ = {isa = PBXFileReference; lastKnownFileType = sourcecode.swift; path = Attachment.swift; sourceTree = "<group>"; };
		FR_DA918B3B1103A0D0109E994D775523A0 /* Internal.swift */ = {isa = PBXFileReference; lastKnownFileType = sourcecode.swift; path = Internal.swift; sourceTree = "<group>"; };
		FR_DC3B35D901526722EA9C57CE04B058FA /* SnapshotTestCaseTests.swift */ = {isa = PBXFileReference; lastKnownFileType = sourcecode.swift; path = SnapshotTestCaseTests.swift; sourceTree = "<group>"; };
		FR_DC773049D04465475F91599CF4255908 /* AssertSnapshot.swift */ = {isa = PBXFileReference; lastKnownFileType = sourcecode.swift; path = AssertSnapshot.swift; sourceTree = "<group>"; };
		FR_E0227C47E0FB67F70EF0493E8A4CDB60 /* SceneKit.swift */ = {isa = PBXFileReference; lastKnownFileType = sourcecode.swift; path = SceneKit.swift; sourceTree = "<group>"; };
		FR_E1FA8A193FE7DFA170568A78289DE2EC /* NSImage.swift */ = {isa = PBXFileReference; lastKnownFileType = sourcecode.swift; path = NSImage.swift; sourceTree = "<group>"; };
		FR_EC6E1105596F1605A6894299A0A6F517 /* Info.plist */ = {isa = PBXFileReference; lastKnownFileType = text.plist.xml; path = Info.plist; sourceTree = "<group>"; };
		FR_F2CC1556DBF7DA98E98C593438525BA4 /* TestHelpers.swift */ = {isa = PBXFileReference; lastKnownFileType = sourcecode.swift; path = TestHelpers.swift; sourceTree = "<group>"; };
		FR_F4BEBF5A6DA36EF79ADD87917E32ED3F /* Strategy.swift */ = {isa = PBXFileReference; lastKnownFileType = sourcecode.swift; path = Strategy.swift; sourceTree = "<group>"; };
		FR_FE1535B3F5372A6ADD6A0D18184766D4 /* Diff.swift */ = {isa = PBXFileReference; lastKnownFileType = sourcecode.swift; path = Diff.swift; sourceTree = "<group>"; };
/* End PBXFileReference section */

/* Begin PBXFrameworksBuildPhase section */
		FBP_AC71D4B5D91397192DA899B6FBA0436A /* Frameworks */ = {
			isa = PBXFrameworksBuildPhase;
			buildActionMask = 2147483647;
			files = (
				BF_D7A00145585CD613CBB42CC425762D03 /* SnapshotTesting.framework in Frameworks */,
			);
			runOnlyForDeploymentPostprocessing = 0;
		};
		FBP_C4E2F10036A06EDD4E120B435B451FBF /* Frameworks */ = {
			isa = PBXFrameworksBuildPhase;
			buildActionMask = 2147483647;
			files = (
				BF_126B68C59C12F7E7D78393BF1E0341B7 /* SnapshotTesting.framework in Frameworks */,
			);
			runOnlyForDeploymentPostprocessing = 0;
		};
		FBP_C8F6609231686101338FD77137F2A81A /* Frameworks */ = {
			isa = PBXFrameworksBuildPhase;
			buildActionMask = 2147483647;
			files = (
				BF_9A2990DD11DFB5675D43F262CBCDA265 /* SnapshotTesting.framework in Frameworks */,
			);
			runOnlyForDeploymentPostprocessing = 0;
		};
/* End PBXFrameworksBuildPhase section */

/* Begin PBXGroup section */
		G_03280A288B92DFD200F5B431BFB7A5D8 /* Tests */ = {
			isa = PBXGroup;
			children = (
				FR_D5D376EA4272E52E149D537CC1C63DBB /* Info.plist */,
				G_3FAEF9F83BDC388F0D183DAFC3969FF4 /* SnapshotTestingTests */,
			);
			path = Tests;
			sourceTree = "<group>";
		};
		G_0BB643DF0937778F9EFD8638718195CA /* Strategy */ = {
			isa = PBXGroup;
			children = (
				FR_0B0CF16A9771EB5B0F72DBCE2128CD6D /* Any.swift */,
				FR_02D2BA628CE5C87E6299836CA06DA5AE /* CALayer.swift */,
				FR_8F443AA3F4613D29624A1150E5B9DAD3 /* Codable.swift */,
				FR_57CD93B71031FCD6FBC58D8D945A1706 /* Data.swift */,
				FR_E1FA8A193FE7DFA170568A78289DE2EC /* NSImage.swift */,
				FR_5BC9AA7F156EEE27E2A2442640AE1D4A /* NSViewController.swift */,
				FR_E0227C47E0FB67F70EF0493E8A4CDB60 /* SceneKit.swift */,
				FR_C3CB0C1274CC8D510653228157C66A77 /* SpriteKit.swift */,
				FR_AF8C7D84EDECC0C7A6CD2D9054107398 /* String.swift */,
				FR_D3724FEFC0FF50CACCC23652F2C7578C /* UIImage.swift */,
				FR_011F41E7CBD5C3AAB887E8F70A792A28 /* UIViewController.swift */,
				FR_0E7771DB39A0AA5788034ACA524B7EE3 /* View.swift */,
			);
			path = Strategy;
			sourceTree = "<group>";
		};
		G_348E8026F1D1281A7211A92E03FFB347 = {
			isa = PBXGroup;
			children = (
				G_A9348074E86F3EA62DBB3E5F3740E381 /* Sources */,
				G_03280A288B92DFD200F5B431BFB7A5D8 /* Tests */,
				G_988EA74DE67B8A6DBA79A4A04A59865E /* Products */,
			);
			indentWidth = 2;
			sourceTree = "<group>";
			tabWidth = 2;
			usesTabs = 0;
		};
		G_3866EE32428D3DBEF6E65D218594DDC4 /* SnapshotTesting */ = {
			isa = PBXGroup;
			children = (
				FR_DC773049D04465475F91599CF4255908 /* AssertSnapshot.swift */,
				FR_8EB55DE46F77C40F38DC441C396C2AA2 /* Async.swift */,
				FR_DA79344382FCF4D2344547FD4A26D563 /* Attachment.swift */,
				FR_FE1535B3F5372A6ADD6A0D18184766D4 /* Diff.swift */,
				FR_CFB0F28F5A19E32576377C817456E15A /* Diffable.swift */,
				FR_DA918B3B1103A0D0109E994D775523A0 /* Internal.swift */,
				FR_26BC946CB572B86A384E7AE28765BD49 /* PropertyListEncoder.swift */,
				FR_C8995DA5A1D0CF67499F936B6684ABA6 /* SnapshotTestCase.swift */,
				FR_F4BEBF5A6DA36EF79ADD87917E32ED3F /* Strategy.swift */,
				G_0BB643DF0937778F9EFD8638718195CA /* Strategy */,
			);
			path = SnapshotTesting;
			sourceTree = "<group>";
		};
		G_3FAEF9F83BDC388F0D183DAFC3969FF4 /* SnapshotTestingTests */ = {
			isa = PBXGroup;
			children = (
				FR_DC3B35D901526722EA9C57CE04B058FA /* SnapshotTestCaseTests.swift */,
				FR_F2CC1556DBF7DA98E98C593438525BA4 /* TestHelpers.swift */,
			);
			path = SnapshotTestingTests;
			sourceTree = "<group>";
		};
		G_988EA74DE67B8A6DBA79A4A04A59865E /* Products */ = {
			isa = PBXGroup;
			children = (
				FR_1C0F0F9D1E3946C22AB189D75CBFA00A /* SnapshotTesting.framework */,
				FR_55C12DE66D3E4C2C5F02C60546270EBB /* SnapshotTesting.framework */,
				FR_92D59F3FEA61DC16FFDB7B1F5FCA57D2 /* SnapshotTesting.framework */,
				FR_249284F48787C8FEC6C4C3B317A68737 /* SnapshotTestingTests.xctest */,
				FR_3F75F013FD55B116C9AECB84C5DA414D /* SnapshotTestingTests.xctest */,
				FR_A20A3E696FD8F5FE1E8B1E8945A0BE1D /* SnapshotTestingTests.xctest */,
			);
			name = Products;
			sourceTree = "<group>";
		};
		G_A9348074E86F3EA62DBB3E5F3740E381 /* Sources */ = {
			isa = PBXGroup;
			children = (
				FR_EC6E1105596F1605A6894299A0A6F517 /* Info.plist */,
				G_3866EE32428D3DBEF6E65D218594DDC4 /* SnapshotTesting */,
			);
			path = Sources;
			sourceTree = "<group>";
		};
/* End PBXGroup section */

/* Begin PBXNativeTarget section */
		NT_0640DAF50FBD76E0169F38B530ABB4E3 /* SnapshotTestingTests_macOS */ = {
			isa = PBXNativeTarget;
			buildConfigurationList = CL_B04189E6554B2315622918CA274007A8 /* Build configuration list for PBXNativeTarget "SnapshotTestingTests_macOS" */;
			buildPhases = (
				SBP_EAE957686933FAB3762177E0DCAA848C /* Sources */,
				FBP_C4E2F10036A06EDD4E120B435B451FBF /* Frameworks */,
				CFBP_2BFDE42C24301A10833C60D641A06290 /* Embed Frameworks */,
			);
			buildRules = (
			);
			dependencies = (
				TD_DDA802D9002493FC2129924A9B65AA7B /* PBXTargetDependency */,
			);
			name = SnapshotTestingTests_macOS;
			productName = SnapshotTestingTests_macOS;
			productReference = FR_3F75F013FD55B116C9AECB84C5DA414D /* SnapshotTestingTests.xctest */;
			productType = "com.apple.product-type.bundle.unit-test";
		};
		NT_3F877242DE1996BA0322ABCB069FB3D9 /* SnapshotTestingTests_iOS */ = {
			isa = PBXNativeTarget;
			buildConfigurationList = CL_BF004D8F224951C54DB553B4AD3FD263 /* Build configuration list for PBXNativeTarget "SnapshotTestingTests_iOS" */;
			buildPhases = (
				SBP_9D87FF08C642C25789055D8E115B6CC0 /* Sources */,
				FBP_AC71D4B5D91397192DA899B6FBA0436A /* Frameworks */,
				CFBP_EF5DD188EEF7EE5BCB66EA772F7E1D89 /* Embed Frameworks */,
			);
			buildRules = (
			);
			dependencies = (
				TD_247BD48A7B382F86C07BF1B9A75F86D3 /* PBXTargetDependency */,
			);
			name = SnapshotTestingTests_iOS;
			productName = SnapshotTestingTests_iOS;
			productReference = FR_249284F48787C8FEC6C4C3B317A68737 /* SnapshotTestingTests.xctest */;
			productType = "com.apple.product-type.bundle.unit-test";
		};
		NT_693A6A5632B0A32E6E52A4DDD822E69E /* SnapshotTesting_tvOS */ = {
			isa = PBXNativeTarget;
			buildConfigurationList = CL_A46FA635969E5A8BB5B277FD3DB42B32 /* Build configuration list for PBXNativeTarget "SnapshotTesting_tvOS" */;
			buildPhases = (
				SBP_70D7663B570D398A0479DE86F86DA113 /* Sources */,
			);
			buildRules = (
			);
			dependencies = (
			);
			name = SnapshotTesting_tvOS;
			productName = SnapshotTesting_tvOS;
			productReference = FR_92D59F3FEA61DC16FFDB7B1F5FCA57D2 /* SnapshotTesting.framework */;
			productType = "com.apple.product-type.framework";
		};
		NT_E1FAA066576312BD4B5DB23882D1278B /* SnapshotTesting_iOS */ = {
			isa = PBXNativeTarget;
			buildConfigurationList = CL_9DB4D6636DF887555D39B5590EDC70C8 /* Build configuration list for PBXNativeTarget "SnapshotTesting_iOS" */;
			buildPhases = (
				SBP_35B50DDC56A7E59BABBBB7FC66999CEC /* Sources */,
			);
			buildRules = (
			);
			dependencies = (
			);
			name = SnapshotTesting_iOS;
			productName = SnapshotTesting_iOS;
			productReference = FR_1C0F0F9D1E3946C22AB189D75CBFA00A /* SnapshotTesting.framework */;
			productType = "com.apple.product-type.framework";
		};
		NT_EFB00F39C5351E0984C1B0E093A05904 /* SnapshotTesting_macOS */ = {
			isa = PBXNativeTarget;
			buildConfigurationList = CL_9662E659C2B4042406603B6EBDC33BBF /* Build configuration list for PBXNativeTarget "SnapshotTesting_macOS" */;
			buildPhases = (
				SBP_38396314766D25C599AECD079967E978 /* Sources */,
			);
			buildRules = (
			);
			dependencies = (
			);
			name = SnapshotTesting_macOS;
			productName = SnapshotTesting_macOS;
			productReference = FR_55C12DE66D3E4C2C5F02C60546270EBB /* SnapshotTesting.framework */;
			productType = "com.apple.product-type.framework";
		};
		NT_F155FA762896640C78950B0027F9917D /* SnapshotTestingTests_tvOS */ = {
			isa = PBXNativeTarget;
			buildConfigurationList = CL_4E04597E4AF8E55CAE7984C36F58D0EA /* Build configuration list for PBXNativeTarget "SnapshotTestingTests_tvOS" */;
			buildPhases = (
				SBP_73EA193E503A4A60978D815F40E1AB16 /* Sources */,
				FBP_C8F6609231686101338FD77137F2A81A /* Frameworks */,
				CFBP_3F78DBB95718B0C00F236464A7D885B9 /* Embed Frameworks */,
			);
			buildRules = (
			);
			dependencies = (
				TD_74AB3FD23C245CB8A76E4283D72800D1 /* PBXTargetDependency */,
			);
			name = SnapshotTestingTests_tvOS;
			productName = SnapshotTestingTests_tvOS;
			productReference = FR_A20A3E696FD8F5FE1E8B1E8945A0BE1D /* SnapshotTestingTests.xctest */;
			productType = "com.apple.product-type.bundle.unit-test";
		};
/* End PBXNativeTarget section */

/* Begin PBXProject section */
		P_BD50B510D7318790CE5F349329E8ADEA /* Project object */ = {
			isa = PBXProject;
			attributes = {
				LastUpgradeCheck = 1000;
			};
			buildConfigurationList = CL_E20DB76EDF6FD0317130238989C7AE72 /* Build configuration list for PBXProject "SnapshotTesting" */;
			compatibilityVersion = "Xcode 3.2";
			developmentRegion = en;
			hasScannedForEncodings = 0;
			knownRegions = (
				en,
			);
			mainGroup = G_348E8026F1D1281A7211A92E03FFB347;
			projectDirPath = "";
			projectRoot = "";
			targets = (
				NT_3F877242DE1996BA0322ABCB069FB3D9 /* SnapshotTestingTests_iOS */,
				NT_0640DAF50FBD76E0169F38B530ABB4E3 /* SnapshotTestingTests_macOS */,
				NT_F155FA762896640C78950B0027F9917D /* SnapshotTestingTests_tvOS */,
				NT_E1FAA066576312BD4B5DB23882D1278B /* SnapshotTesting_iOS */,
				NT_EFB00F39C5351E0984C1B0E093A05904 /* SnapshotTesting_macOS */,
				NT_693A6A5632B0A32E6E52A4DDD822E69E /* SnapshotTesting_tvOS */,
			);
		};
/* End PBXProject section */

/* Begin PBXSourcesBuildPhase section */
		SBP_35B50DDC56A7E59BABBBB7FC66999CEC /* Sources */ = {
			isa = PBXSourcesBuildPhase;
			buildActionMask = 2147483647;
			files = (
				BF_D2846774B6AFB8FFC427EFF98FEF2F4E /* Any.swift in Sources */,
				BF_60E780A5566C14D1B9C49FE1213C005F /* AssertSnapshot.swift in Sources */,
				BF_1092D6738E4E10DA749423711942C04C /* Async.swift in Sources */,
				BF_C4BF7CA4316C2FED85F74B888BADE302 /* Attachment.swift in Sources */,
				BF_B9820C8451945985651EFB670E948805 /* CALayer.swift in Sources */,
				BF_C0A0EBBFEC968B768537F848916C49FF /* Codable.swift in Sources */,
				BF_2D2A2BF95DCB4EA423BA781B1EFD0468 /* Data.swift in Sources */,
				BF_ACD752E9B5D43698661C2566F6E1A967 /* Diff.swift in Sources */,
				BF_0C5543D04B4212AA57DCF0E1E594CAF6 /* Diffable.swift in Sources */,
				BF_52C03ADE3CE2F4B24C881FA97769A932 /* Internal.swift in Sources */,
				BF_789B4F0099192F5B0F33B18AAA94E2DF /* NSImage.swift in Sources */,
				BF_7F3F7303ACF94F86C88C54673EC31E8B /* NSViewController.swift in Sources */,
				BF_41FAA06E937486BD5CE3F3D4E812B1BA /* PropertyListEncoder.swift in Sources */,
				BF_1F9B48C978B79ADDC70074F90A45D20C /* SceneKit.swift in Sources */,
				BF_D47F0D75CBD0E92EF35FB311E64B3987 /* SnapshotTestCase.swift in Sources */,
				BF_92DFFE207E23D176E2A83025F6F2C2CE /* SpriteKit.swift in Sources */,
				BF_7E7082D5B949259D7A1CFBAC2154780D /* Strategy.swift in Sources */,
				BF_B39F8354D2B15959F80C015C02B62643 /* String.swift in Sources */,
				BF_C3D63AFD027E9A50F37244CBABCE9A43 /* UIImage.swift in Sources */,
				BF_93A3D38E590AB05BAFFEEBC75C601A4D /* UIViewController.swift in Sources */,
				BF_E4CBA0F3DF322EEA1F69E255A2C76D7F /* View.swift in Sources */,
			);
			runOnlyForDeploymentPostprocessing = 0;
		};
		SBP_38396314766D25C599AECD079967E978 /* Sources */ = {
			isa = PBXSourcesBuildPhase;
			buildActionMask = 2147483647;
			files = (
				BF_D2A5B4A58EC4C3A365649B29EDFF85EA /* Any.swift in Sources */,
				BF_CEA78BD0477B1745D042FAE6049A5B73 /* AssertSnapshot.swift in Sources */,
				BF_97AA84D478C020B4F7906D46DA4D0C15 /* Async.swift in Sources */,
				BF_4ED719B4EDFE89C534E149526F1CF32D /* Attachment.swift in Sources */,
				BF_1CA9FBF0BD084E3C63F61E9D8A80DDB7 /* CALayer.swift in Sources */,
				BF_CC119FC0B912C972DF70BD2720AA3D0F /* Codable.swift in Sources */,
				BF_B0F6BF49CFBAF5371BFD659F8A815654 /* Data.swift in Sources */,
				BF_9A01810940759397231DF86801A1FC13 /* Diff.swift in Sources */,
				BF_290BB77E2401937E6400555C3B0F9A7A /* Diffable.swift in Sources */,
				BF_94A6AD59B8E19AF997B915EC79497934 /* Internal.swift in Sources */,
				BF_FCC64D190E241971E8DC9818EBC50E75 /* NSImage.swift in Sources */,
				BF_8926855A85FB3CA85B95CC37D335AEFB /* NSViewController.swift in Sources */,
				BF_563500F7C0C0341867406C92198864C4 /* PropertyListEncoder.swift in Sources */,
				BF_F054D35C1F281F57EA2B9622EFEEF7FB /* SceneKit.swift in Sources */,
				BF_A9C5B5783E101E35CF7D52DEE6EABE2A /* SnapshotTestCase.swift in Sources */,
				BF_51CBA76089B764B80A36E06290128424 /* SpriteKit.swift in Sources */,
				BF_40D093DDC81931CB9C7AF616AA544ACD /* Strategy.swift in Sources */,
				BF_F7AA48A29F4220B2A19CDC41C83E1D06 /* String.swift in Sources */,
				BF_D47F465982998AC68EA9D14E475D5FD5 /* UIImage.swift in Sources */,
				BF_7E8D15FC52F92B4ED7A461509A28656D /* UIViewController.swift in Sources */,
				BF_83708276954D3F092729DEE9CEC26B33 /* View.swift in Sources */,
			);
			runOnlyForDeploymentPostprocessing = 0;
		};
		SBP_70D7663B570D398A0479DE86F86DA113 /* Sources */ = {
			isa = PBXSourcesBuildPhase;
			buildActionMask = 2147483647;
			files = (
				BF_E191776B50B9EDF01CFD68F196203961 /* Any.swift in Sources */,
				BF_F896D52B8FF76B9328361A8857B4BF87 /* AssertSnapshot.swift in Sources */,
				BF_51479BC7C87FC0B4B8FBFD68EEBD3726 /* Async.swift in Sources */,
				BF_B8082ECBCA07EA977AE482DDFCA9C33D /* Attachment.swift in Sources */,
				BF_164C58C92E656FCD7C25A1CB034600A2 /* CALayer.swift in Sources */,
				BF_2B65A04C3797B3384DE1EF00E75CB156 /* Codable.swift in Sources */,
				BF_6730D650367B8168D8FAF10C99C95360 /* Data.swift in Sources */,
				BF_2A6009E29732718FAE9B1F03806A09AB /* Diff.swift in Sources */,
				BF_D862704C2CB88B4373E8A6D043400D49 /* Diffable.swift in Sources */,
				BF_D61CA12AF5EEB8437A53C9411C1640B1 /* Internal.swift in Sources */,
				BF_74313FA8B719956E8ACCE111B99B0960 /* NSImage.swift in Sources */,
				BF_EA93AC0D72E1311A8135CFC7CBF332C1 /* NSViewController.swift in Sources */,
				BF_D712B33D096E86F34953E92E0A1051C2 /* PropertyListEncoder.swift in Sources */,
				BF_F515927ECBA692381ECE1DBB73161FCF /* SceneKit.swift in Sources */,
				BF_1BF868397B24F68E388CCD9DF81E6765 /* SnapshotTestCase.swift in Sources */,
				BF_710776DC175BE3B689292A550887305B /* SpriteKit.swift in Sources */,
				BF_59377B307FB813153ABE7260E51EF2DC /* Strategy.swift in Sources */,
				BF_A0F4C67288741E22E3F0C1B450A2A4FD /* String.swift in Sources */,
				BF_C7D2E87F47E2F7457AD3FC9DAF5F77A5 /* UIImage.swift in Sources */,
				BF_E55DFEDCE649B588C7BAB7225324890D /* UIViewController.swift in Sources */,
				BF_CCCDB80BDBD37BE3C37DADBEE79C93C2 /* View.swift in Sources */,
			);
			runOnlyForDeploymentPostprocessing = 0;
		};
		SBP_73EA193E503A4A60978D815F40E1AB16 /* Sources */ = {
			isa = PBXSourcesBuildPhase;
			buildActionMask = 2147483647;
			files = (
				BF_FD3649DD2EEFCFCA73059F91255F2E95 /* SnapshotTestCaseTests.swift in Sources */,
				BF_648357B9D8AC52A0B669F20912A54C9F /* TestHelpers.swift in Sources */,
			);
			runOnlyForDeploymentPostprocessing = 0;
		};
		SBP_9D87FF08C642C25789055D8E115B6CC0 /* Sources */ = {
			isa = PBXSourcesBuildPhase;
			buildActionMask = 2147483647;
			files = (
				BF_7CC34D12C057EBEE510F15C938C01644 /* SnapshotTestCaseTests.swift in Sources */,
				BF_9D159993AADCDF4C281D575DD7FFCD6A /* TestHelpers.swift in Sources */,
			);
			runOnlyForDeploymentPostprocessing = 0;
		};
		SBP_EAE957686933FAB3762177E0DCAA848C /* Sources */ = {
			isa = PBXSourcesBuildPhase;
			buildActionMask = 2147483647;
			files = (
				BF_C0DE7B46A4BF5F017625A1F337F7410E /* SnapshotTestCaseTests.swift in Sources */,
				BF_D26E99EBDBAD9E49A7C110D888DA2640 /* TestHelpers.swift in Sources */,
			);
			runOnlyForDeploymentPostprocessing = 0;
		};
/* End PBXSourcesBuildPhase section */

/* Begin PBXTargetDependency section */
		TD_247BD48A7B382F86C07BF1B9A75F86D3 /* PBXTargetDependency */ = {
			isa = PBXTargetDependency;
			target = NT_E1FAA066576312BD4B5DB23882D1278B /* SnapshotTesting_iOS */;
			targetProxy = CIP_53654BECB816A866C116E1DC1CDBA587 /* PBXContainerItemProxy */;
		};
		TD_74AB3FD23C245CB8A76E4283D72800D1 /* PBXTargetDependency */ = {
			isa = PBXTargetDependency;
			target = NT_693A6A5632B0A32E6E52A4DDD822E69E /* SnapshotTesting_tvOS */;
			targetProxy = CIP_CD9253F8F5036C73CE8FC16D153C7DFF /* PBXContainerItemProxy */;
		};
		TD_DDA802D9002493FC2129924A9B65AA7B /* PBXTargetDependency */ = {
			isa = PBXTargetDependency;
			target = NT_EFB00F39C5351E0984C1B0E093A05904 /* SnapshotTesting_macOS */;
			targetProxy = CIP_7C8251DE7A712A2DE6D1B3A121213CA0 /* PBXContainerItemProxy */;
		};
/* End PBXTargetDependency section */

/* Begin XCBuildConfiguration section */
		BC_3A531D2FA2EBC9FC2F49840DF4B53E84 /* Debug */ = {
			isa = XCBuildConfiguration;
			buildSettings = {
				ALWAYS_SEARCH_USER_PATHS = NO;
				CLANG_ANALYZER_NONNULL = YES;
				CLANG_ANALYZER_NUMBER_OBJECT_CONVERSION = YES_AGGRESSIVE;
				CLANG_CXX_LANGUAGE_STANDARD = "gnu++14";
				CLANG_CXX_LIBRARY = "libc++";
				CLANG_ENABLE_MODULES = YES;
				CLANG_ENABLE_OBJC_ARC = YES;
				CLANG_WARN_BLOCK_CAPTURE_AUTORELEASING = YES;
				CLANG_WARN_BOOL_CONVERSION = YES;
				CLANG_WARN_COMMA = YES;
				CLANG_WARN_CONSTANT_CONVERSION = YES;
				CLANG_WARN_DEPRECATED_OBJC_IMPLEMENTATIONS = YES;
				CLANG_WARN_DIRECT_OBJC_ISA_USAGE = YES_ERROR;
				CLANG_WARN_DOCUMENTATION_COMMENTS = YES;
				CLANG_WARN_EMPTY_BODY = YES;
				CLANG_WARN_ENUM_CONVERSION = YES;
				CLANG_WARN_INFINITE_RECURSION = YES;
				CLANG_WARN_INT_CONVERSION = YES;
				CLANG_WARN_NON_LITERAL_NULL_CONVERSION = YES;
				CLANG_WARN_OBJC_IMPLICIT_RETAIN_SELF = YES;
				CLANG_WARN_OBJC_LITERAL_CONVERSION = YES;
				CLANG_WARN_OBJC_ROOT_CLASS = YES_ERROR;
				CLANG_WARN_RANGE_LOOP_ANALYSIS = YES;
				CLANG_WARN_STRICT_PROTOTYPES = YES;
				CLANG_WARN_SUSPICIOUS_MOVE = YES;
				CLANG_WARN_UNGUARDED_AVAILABILITY = YES_AGGRESSIVE;
				CLANG_WARN_UNREACHABLE_CODE = YES;
				CLANG_WARN__DUPLICATE_METHOD_MATCH = YES;
				COPY_PHASE_STRIP = NO;
				DEBUG_INFORMATION_FORMAT = dwarf;
				ENABLE_STRICT_OBJC_MSGSEND = YES;
				ENABLE_TESTABILITY = YES;
				GCC_C_LANGUAGE_STANDARD = gnu11;
				GCC_DYNAMIC_NO_PIC = NO;
				GCC_NO_COMMON_BLOCKS = YES;
				GCC_OPTIMIZATION_LEVEL = 0;
				GCC_PREPROCESSOR_DEFINITIONS = (
					"$(inherited)",
					"DEBUG=1",
				);
				GCC_WARN_64_TO_32_BIT_CONVERSION = YES;
				GCC_WARN_ABOUT_RETURN_TYPE = YES_ERROR;
				GCC_WARN_UNDECLARED_SELECTOR = YES;
				GCC_WARN_UNINITIALIZED_AUTOS = YES_AGGRESSIVE;
				GCC_WARN_UNUSED_FUNCTION = YES;
				GCC_WARN_UNUSED_VARIABLE = YES;
				MTL_ENABLE_DEBUG_INFO = YES;
				ONLY_ACTIVE_ARCH = YES;
				PRODUCT_NAME = "$(TARGET_NAME)";
				SWIFT_ACTIVE_COMPILATION_CONDITIONS = DEBUG;
				SWIFT_OPTIMIZATION_LEVEL = "-Onone";
				SWIFT_VERSION = 4.2;
			};
			name = Debug;
		};
		BC_418EDB2AF93D91D1CB73CA1ECC7D71AA /* Release */ = {
			isa = XCBuildConfiguration;
			buildSettings = {
				CODE_SIGN_IDENTITY = "";
				COMBINE_HIDPI_IMAGES = YES;
				CURRENT_PROJECT_VERSION = 1;
				DEFINES_MODULE = YES;
				DYLIB_COMPATIBILITY_VERSION = 1;
				DYLIB_CURRENT_VERSION = 1;
				DYLIB_INSTALL_NAME_BASE = "@rpath";
				FRAMEWORK_SEARCH_PATHS = "$(inherited) $(PLATFORM_DIR)/Developer/Library/Frameworks";
				INFOPLIST_FILE = Sources/Info.plist;
				INSTALL_PATH = "$(LOCAL_LIBRARY_DIR)/Frameworks";
				IPHONEOS_DEPLOYMENT_TARGET = 10.0;
				LD_RUNPATH_SEARCH_PATHS = "$(inherited) @executable_path/../Frameworks";
				MACOSX_DEPLOYMENT_TARGET = 10.10;
				PRODUCT_BUNDLE_IDENTIFIER = "co.pointfree.SnapshotTesting-macOS";
				PRODUCT_NAME = SnapshotTesting;
				SDKROOT = macosx;
				SKIP_INSTALL = YES;
				SWIFT_VERSION = 4.2;
				TVOS_DEPLOYMENT_TARGET = 10.0;
				VERSIONING_SYSTEM = "apple-generic";
			};
			name = Release;
		};
		BC_54181700E2F8759FBDE7AF6D5D88E9C5 /* Debug */ = {
			isa = XCBuildConfiguration;
			buildSettings = {
				CODE_SIGN_IDENTITY = "";
				COMBINE_HIDPI_IMAGES = YES;
				CURRENT_PROJECT_VERSION = 1;
				DEFINES_MODULE = YES;
				DYLIB_COMPATIBILITY_VERSION = 1;
				DYLIB_CURRENT_VERSION = 1;
				DYLIB_INSTALL_NAME_BASE = "@rpath";
				FRAMEWORK_SEARCH_PATHS = "$(inherited) $(PLATFORM_DIR)/Developer/Library/Frameworks";
				INFOPLIST_FILE = Sources/Info.plist;
				INSTALL_PATH = "$(LOCAL_LIBRARY_DIR)/Frameworks";
				IPHONEOS_DEPLOYMENT_TARGET = 10.0;
				LD_RUNPATH_SEARCH_PATHS = "$(inherited) @executable_path/../Frameworks";
				MACOSX_DEPLOYMENT_TARGET = 10.10;
				PRODUCT_BUNDLE_IDENTIFIER = "co.pointfree.SnapshotTesting-macOS";
				PRODUCT_NAME = SnapshotTesting;
				SDKROOT = macosx;
				SKIP_INSTALL = YES;
				SWIFT_VERSION = 4.2;
				TVOS_DEPLOYMENT_TARGET = 10.0;
				VERSIONING_SYSTEM = "apple-generic";
			};
			name = Debug;
		};
		BC_719B090AF5E0DDA078DF7AC42873DF38 /* Debug */ = {
			isa = XCBuildConfiguration;
			buildSettings = {
				CODE_SIGN_IDENTITY = "";
				CURRENT_PROJECT_VERSION = 1;
				DEFINES_MODULE = YES;
				DYLIB_COMPATIBILITY_VERSION = 1;
				DYLIB_CURRENT_VERSION = 1;
				DYLIB_INSTALL_NAME_BASE = "@rpath";
				FRAMEWORK_SEARCH_PATHS = "$(inherited) $(PLATFORM_DIR)/Developer/Library/Frameworks";
				INFOPLIST_FILE = Sources/Info.plist;
				INSTALL_PATH = "$(LOCAL_LIBRARY_DIR)/Frameworks";
				IPHONEOS_DEPLOYMENT_TARGET = 10.0;
				LD_RUNPATH_SEARCH_PATHS = "$(inherited) @executable_path/Frameworks";
				MACOSX_DEPLOYMENT_TARGET = 10.10;
				PRODUCT_BUNDLE_IDENTIFIER = "co.pointfree.SnapshotTesting-iOS";
				PRODUCT_NAME = SnapshotTesting;
				SDKROOT = iphoneos;
				SKIP_INSTALL = YES;
				SWIFT_VERSION = 4.2;
				TARGETED_DEVICE_FAMILY = "1,2";
				TVOS_DEPLOYMENT_TARGET = 10.0;
				VERSIONING_SYSTEM = "apple-generic";
			};
			name = Debug;
		};
		BC_9FADC1FA8447FC3F83C92D7469D6EA54 /* Debug */ = {
			isa = XCBuildConfiguration;
			buildSettings = {
				BUNDLE_LOADER = "$(TEST_HOST)";
				INFOPLIST_FILE = Tests/Info.plist;
				LD_RUNPATH_SEARCH_PATHS = "$(inherited) @executable_path/Frameworks @loader_path/Frameworks";
				PRODUCT_BUNDLE_IDENTIFIER = "co.pointfree.SnapshotTestingTests-tvOS";
				PRODUCT_NAME = SnapshotTestingTests;
				SDKROOT = appletvos;
				TARGETED_DEVICE_FAMILY = 3;
			};
			name = Debug;
		};
		BC_A257B2ED0D8DE9DADF192F5976D46896 /* Release */ = {
			isa = XCBuildConfiguration;
			buildSettings = {
				ALWAYS_SEARCH_USER_PATHS = NO;
				CLANG_ANALYZER_NONNULL = YES;
				CLANG_ANALYZER_NUMBER_OBJECT_CONVERSION = YES_AGGRESSIVE;
				CLANG_CXX_LANGUAGE_STANDARD = "gnu++14";
				CLANG_CXX_LIBRARY = "libc++";
				CLANG_ENABLE_MODULES = YES;
				CLANG_ENABLE_OBJC_ARC = YES;
				CLANG_WARN_BLOCK_CAPTURE_AUTORELEASING = YES;
				CLANG_WARN_BOOL_CONVERSION = YES;
				CLANG_WARN_COMMA = YES;
				CLANG_WARN_CONSTANT_CONVERSION = YES;
				CLANG_WARN_DEPRECATED_OBJC_IMPLEMENTATIONS = YES;
				CLANG_WARN_DIRECT_OBJC_ISA_USAGE = YES_ERROR;
				CLANG_WARN_DOCUMENTATION_COMMENTS = YES;
				CLANG_WARN_EMPTY_BODY = YES;
				CLANG_WARN_ENUM_CONVERSION = YES;
				CLANG_WARN_INFINITE_RECURSION = YES;
				CLANG_WARN_INT_CONVERSION = YES;
				CLANG_WARN_NON_LITERAL_NULL_CONVERSION = YES;
				CLANG_WARN_OBJC_IMPLICIT_RETAIN_SELF = YES;
				CLANG_WARN_OBJC_LITERAL_CONVERSION = YES;
				CLANG_WARN_OBJC_ROOT_CLASS = YES_ERROR;
				CLANG_WARN_RANGE_LOOP_ANALYSIS = YES;
				CLANG_WARN_STRICT_PROTOTYPES = YES;
				CLANG_WARN_SUSPICIOUS_MOVE = YES;
				CLANG_WARN_UNGUARDED_AVAILABILITY = YES_AGGRESSIVE;
				CLANG_WARN_UNREACHABLE_CODE = YES;
				CLANG_WARN__DUPLICATE_METHOD_MATCH = YES;
				COPY_PHASE_STRIP = NO;
				DEBUG_INFORMATION_FORMAT = "dwarf-with-dsym";
				ENABLE_NS_ASSERTIONS = NO;
				ENABLE_STRICT_OBJC_MSGSEND = YES;
				GCC_C_LANGUAGE_STANDARD = gnu11;
				GCC_NO_COMMON_BLOCKS = YES;
				GCC_WARN_64_TO_32_BIT_CONVERSION = YES;
				GCC_WARN_ABOUT_RETURN_TYPE = YES_ERROR;
				GCC_WARN_UNDECLARED_SELECTOR = YES;
				GCC_WARN_UNINITIALIZED_AUTOS = YES_AGGRESSIVE;
				GCC_WARN_UNUSED_FUNCTION = YES;
				GCC_WARN_UNUSED_VARIABLE = YES;
				PRODUCT_NAME = "$(TARGET_NAME)";
				SWIFT_OPTIMIZATION_LEVEL = "-Owholemodule";
				SWIFT_VERSION = 4.2;
				VALIDATE_PRODUCT = YES;
			};
			name = Release;
		};
		BC_A731DC3F2FEF1436B54B900714222264 /* Debug */ = {
			isa = XCBuildConfiguration;
			buildSettings = {
				BUNDLE_LOADER = "$(TEST_HOST)";
				COMBINE_HIDPI_IMAGES = YES;
				INFOPLIST_FILE = Tests/Info.plist;
				LD_RUNPATH_SEARCH_PATHS = "$(inherited) @executable_path/../Frameworks @loader_path/../Frameworks";
				PRODUCT_BUNDLE_IDENTIFIER = "co.pointfree.SnapshotTestingTests-macOS";
				PRODUCT_NAME = SnapshotTestingTests;
				SDKROOT = macosx;
			};
			name = Debug;
		};
		BC_A93E951819B616E8686401726388D845 /* Release */ = {
			isa = XCBuildConfiguration;
			buildSettings = {
				BUNDLE_LOADER = "$(TEST_HOST)";
				COMBINE_HIDPI_IMAGES = YES;
				INFOPLIST_FILE = Tests/Info.plist;
				LD_RUNPATH_SEARCH_PATHS = "$(inherited) @executable_path/../Frameworks @loader_path/../Frameworks";
				PRODUCT_BUNDLE_IDENTIFIER = "co.pointfree.SnapshotTestingTests-macOS";
				PRODUCT_NAME = SnapshotTestingTests;
				SDKROOT = macosx;
			};
			name = Release;
		};
		BC_B6AF5917EF37E649EAC662EC96A97A45 /* Release */ = {
			isa = XCBuildConfiguration;
			buildSettings = {
				CODE_SIGN_IDENTITY = "";
				CURRENT_PROJECT_VERSION = 1;
				DEFINES_MODULE = YES;
				DYLIB_COMPATIBILITY_VERSION = 1;
				DYLIB_CURRENT_VERSION = 1;
				DYLIB_INSTALL_NAME_BASE = "@rpath";
				FRAMEWORK_SEARCH_PATHS = "$(inherited) $(PLATFORM_DIR)/Developer/Library/Frameworks";
				INFOPLIST_FILE = Sources/Info.plist;
				INSTALL_PATH = "$(LOCAL_LIBRARY_DIR)/Frameworks";
				IPHONEOS_DEPLOYMENT_TARGET = 10.0;
				LD_RUNPATH_SEARCH_PATHS = "$(inherited) @executable_path/Frameworks";
				MACOSX_DEPLOYMENT_TARGET = 10.10;
				PRODUCT_BUNDLE_IDENTIFIER = "co.pointfree.SnapshotTesting-iOS";
				PRODUCT_NAME = SnapshotTesting;
				SDKROOT = iphoneos;
				SKIP_INSTALL = YES;
				SWIFT_VERSION = 4.2;
				TARGETED_DEVICE_FAMILY = "1,2";
				TVOS_DEPLOYMENT_TARGET = 10.0;
				VERSIONING_SYSTEM = "apple-generic";
			};
			name = Release;
		};
		BC_C072C107E0C3E2300243FE26E8287ACE /* Release */ = {
			isa = XCBuildConfiguration;
			buildSettings = {
				CODE_SIGN_IDENTITY = "";
				CURRENT_PROJECT_VERSION = 1;
				DEFINES_MODULE = YES;
				DYLIB_COMPATIBILITY_VERSION = 1;
				DYLIB_CURRENT_VERSION = 1;
				DYLIB_INSTALL_NAME_BASE = "@rpath";
				FRAMEWORK_SEARCH_PATHS = "$(inherited) $(PLATFORM_DIR)/Developer/Library/Frameworks";
				INFOPLIST_FILE = Sources/Info.plist;
				INSTALL_PATH = "$(LOCAL_LIBRARY_DIR)/Frameworks";
				IPHONEOS_DEPLOYMENT_TARGET = 10.0;
				LD_RUNPATH_SEARCH_PATHS = "$(inherited) @executable_path/Frameworks";
				MACOSX_DEPLOYMENT_TARGET = 10.10;
				PRODUCT_BUNDLE_IDENTIFIER = "co.pointfree.SnapshotTesting-tvOS";
				PRODUCT_NAME = SnapshotTesting;
				SDKROOT = appletvos;
				SKIP_INSTALL = YES;
				SWIFT_VERSION = 4.2;
				TARGETED_DEVICE_FAMILY = 3;
				TVOS_DEPLOYMENT_TARGET = 10.0;
				VERSIONING_SYSTEM = "apple-generic";
			};
			name = Release;
		};
		BC_D679A1AA90CA0F8F22D91BAFF91EFBC0 /* Debug */ = {
			isa = XCBuildConfiguration;
			buildSettings = {
				BUNDLE_LOADER = "$(TEST_HOST)";
				INFOPLIST_FILE = Tests/Info.plist;
				LD_RUNPATH_SEARCH_PATHS = "$(inherited) @executable_path/Frameworks @loader_path/Frameworks";
				PRODUCT_BUNDLE_IDENTIFIER = "co.pointfree.SnapshotTestingTests-iOS";
				PRODUCT_NAME = SnapshotTestingTests;
				SDKROOT = iphoneos;
				TARGETED_DEVICE_FAMILY = "1,2";
			};
			name = Debug;
		};
		BC_E4801E72B12A24AACF7008D7950E3452 /* Release */ = {
			isa = XCBuildConfiguration;
			buildSettings = {
				BUNDLE_LOADER = "$(TEST_HOST)";
				INFOPLIST_FILE = Tests/Info.plist;
				LD_RUNPATH_SEARCH_PATHS = "$(inherited) @executable_path/Frameworks @loader_path/Frameworks";
				PRODUCT_BUNDLE_IDENTIFIER = "co.pointfree.SnapshotTestingTests-tvOS";
				PRODUCT_NAME = SnapshotTestingTests;
				SDKROOT = appletvos;
				TARGETED_DEVICE_FAMILY = 3;
			};
			name = Release;
		};
		BC_F14B5A5F21F7DF5CCE86D45339E45D65 /* Debug */ = {
			isa = XCBuildConfiguration;
			buildSettings = {
				CODE_SIGN_IDENTITY = "";
				CURRENT_PROJECT_VERSION = 1;
				DEFINES_MODULE = YES;
				DYLIB_COMPATIBILITY_VERSION = 1;
				DYLIB_CURRENT_VERSION = 1;
				DYLIB_INSTALL_NAME_BASE = "@rpath";
				FRAMEWORK_SEARCH_PATHS = "$(inherited) $(PLATFORM_DIR)/Developer/Library/Frameworks";
				INFOPLIST_FILE = Sources/Info.plist;
				INSTALL_PATH = "$(LOCAL_LIBRARY_DIR)/Frameworks";
				IPHONEOS_DEPLOYMENT_TARGET = 10.0;
				LD_RUNPATH_SEARCH_PATHS = "$(inherited) @executable_path/Frameworks";
				MACOSX_DEPLOYMENT_TARGET = 10.10;
				PRODUCT_BUNDLE_IDENTIFIER = "co.pointfree.SnapshotTesting-tvOS";
				PRODUCT_NAME = SnapshotTesting;
				SDKROOT = appletvos;
				SKIP_INSTALL = YES;
				SWIFT_VERSION = 4.2;
				TARGETED_DEVICE_FAMILY = 3;
				TVOS_DEPLOYMENT_TARGET = 10.0;
				VERSIONING_SYSTEM = "apple-generic";
			};
			name = Debug;
		};
		BC_FCB1B173C0795EB459A2697314FDA96A /* Release */ = {
			isa = XCBuildConfiguration;
			buildSettings = {
				BUNDLE_LOADER = "$(TEST_HOST)";
				INFOPLIST_FILE = Tests/Info.plist;
				LD_RUNPATH_SEARCH_PATHS = "$(inherited) @executable_path/Frameworks @loader_path/Frameworks";
				PRODUCT_BUNDLE_IDENTIFIER = "co.pointfree.SnapshotTestingTests-iOS";
				PRODUCT_NAME = SnapshotTestingTests;
				SDKROOT = iphoneos;
				TARGETED_DEVICE_FAMILY = "1,2";
			};
			name = Release;
		};
/* End XCBuildConfiguration section */

/* Begin XCConfigurationList section */
		CL_4E04597E4AF8E55CAE7984C36F58D0EA /* Build configuration list for PBXNativeTarget "SnapshotTestingTests_tvOS" */ = {
			isa = XCConfigurationList;
			buildConfigurations = (
				BC_9FADC1FA8447FC3F83C92D7469D6EA54 /* Debug */,
				BC_E4801E72B12A24AACF7008D7950E3452 /* Release */,
			);
			defaultConfigurationIsVisible = 0;
			defaultConfigurationName = "";
		};
		CL_9662E659C2B4042406603B6EBDC33BBF /* Build configuration list for PBXNativeTarget "SnapshotTesting_macOS" */ = {
			isa = XCConfigurationList;
			buildConfigurations = (
				BC_54181700E2F8759FBDE7AF6D5D88E9C5 /* Debug */,
				BC_418EDB2AF93D91D1CB73CA1ECC7D71AA /* Release */,
			);
			defaultConfigurationIsVisible = 0;
			defaultConfigurationName = "";
		};
		CL_9DB4D6636DF887555D39B5590EDC70C8 /* Build configuration list for PBXNativeTarget "SnapshotTesting_iOS" */ = {
			isa = XCConfigurationList;
			buildConfigurations = (
				BC_719B090AF5E0DDA078DF7AC42873DF38 /* Debug */,
				BC_B6AF5917EF37E649EAC662EC96A97A45 /* Release */,
			);
			defaultConfigurationIsVisible = 0;
			defaultConfigurationName = "";
		};
		CL_A46FA635969E5A8BB5B277FD3DB42B32 /* Build configuration list for PBXNativeTarget "SnapshotTesting_tvOS" */ = {
			isa = XCConfigurationList;
			buildConfigurations = (
				BC_F14B5A5F21F7DF5CCE86D45339E45D65 /* Debug */,
				BC_C072C107E0C3E2300243FE26E8287ACE /* Release */,
			);
			defaultConfigurationIsVisible = 0;
			defaultConfigurationName = "";
		};
		CL_B04189E6554B2315622918CA274007A8 /* Build configuration list for PBXNativeTarget "SnapshotTestingTests_macOS" */ = {
			isa = XCConfigurationList;
			buildConfigurations = (
				BC_A731DC3F2FEF1436B54B900714222264 /* Debug */,
				BC_A93E951819B616E8686401726388D845 /* Release */,
			);
			defaultConfigurationIsVisible = 0;
			defaultConfigurationName = "";
		};
		CL_BF004D8F224951C54DB553B4AD3FD263 /* Build configuration list for PBXNativeTarget "SnapshotTestingTests_iOS" */ = {
			isa = XCConfigurationList;
			buildConfigurations = (
				BC_D679A1AA90CA0F8F22D91BAFF91EFBC0 /* Debug */,
				BC_FCB1B173C0795EB459A2697314FDA96A /* Release */,
			);
			defaultConfigurationIsVisible = 0;
			defaultConfigurationName = "";
		};
		CL_E20DB76EDF6FD0317130238989C7AE72 /* Build configuration list for PBXProject "SnapshotTesting" */ = {
			isa = XCConfigurationList;
			buildConfigurations = (
				BC_3A531D2FA2EBC9FC2F49840DF4B53E84 /* Debug */,
				BC_A257B2ED0D8DE9DADF192F5976D46896 /* Release */,
			);
			defaultConfigurationIsVisible = 0;
			defaultConfigurationName = Debug;
		};
/* End XCConfigurationList section */
	};
	rootObject = P_BD50B510D7318790CE5F349329E8ADEA /* Project object */;
}
